
Microsoft Visual Studio Solution File, Format Version 12.00
# Visual Studio Version 16
VisualStudioVersion = 16.0.29806.167
MinimumVisualStudioVersion = 10.0.40219.1
Project("{9A19103F-16F7-4668-BE54-9A1E7A4F7556}") = "VFlight Network", "VFlight Network\VFlight Network.csproj", "{AE415104-EFC8-48EE-9C15-0826B8E96EBA}"
EndProject
Project("{9A19103F-16F7-4668-BE54-9A1E7A4F7556}") = "VFlightNetwork.Data", "VFlightNetwork.Data\VFlightNetwork.Data.csproj", "{43E8FCDA-3C1B-4F1E-A835-A860758EBDED}"
EndProject
Project("{9A19103F-16F7-4668-BE54-9A1E7A4F7556}") = "VFlightNetwork.Server", "VFlightNetwork.Server\VFlightNetwork.Server.csproj", "{C49864FD-29D6-4F9D-BE5F-2CBF62BD8EFC}"
EndProject
Project("{9A19103F-16F7-4668-BE54-9A1E7A4F7556}") = "VFlightNetwork.Shared", "VFlightNetwork.Shared\VFlightNetwork.Shared.csproj", "{ED984D21-946B-437C-904E-2B1D38F44C9C}"
	ProjectSection(ProjectDependencies) = postProject
		{43E8FCDA-3C1B-4F1E-A835-A860758EBDED} = {43E8FCDA-3C1B-4F1E-A835-A860758EBDED}
	EndProjectSection
EndProject
Global
	GlobalSection(SolutionConfigurationPlatforms) = preSolution
		Debug|Any CPU = Debug|Any CPU
		Debug|x64 = Debug|x64
		Debug|x86 = Debug|x86
		Release|Any CPU = Release|Any CPU
		Release|x64 = Release|x64
		Release|x86 = Release|x86
	EndGlobalSection
	GlobalSection(ProjectConfigurationPlatforms) = postSolution
		{AE415104-EFC8-48EE-9C15-0826B8E96EBA}.Debug|Any CPU.ActiveCfg = Debug|Any CPU
		{AE415104-EFC8-48EE-9C15-0826B8E96EBA}.Debug|Any CPU.Build.0 = Debug|Any CPU
		{AE415104-EFC8-48EE-9C15-0826B8E96EBA}.Debug|x64.ActiveCfg = Debug|Any CPU
		{AE415104-EFC8-48EE-9C15-0826B8E96EBA}.Debug|x64.Build.0 = Debug|Any CPU
		{AE415104-EFC8-48EE-9C15-0826B8E96EBA}.Debug|x86.ActiveCfg = Debug|Any CPU
		{AE415104-EFC8-48EE-9C15-0826B8E96EBA}.Debug|x86.Build.0 = Debug|Any CPU
		{AE415104-EFC8-48EE-9C15-0826B8E96EBA}.Release|Any CPU.ActiveCfg = Release|Any CPU
		{AE415104-EFC8-48EE-9C15-0826B8E96EBA}.Release|Any CPU.Build.0 = Release|Any CPU
		{AE415104-EFC8-48EE-9C15-0826B8E96EBA}.Release|x64.ActiveCfg = Release|Any CPU
		{AE415104-EFC8-48EE-9C15-0826B8E96EBA}.Release|x64.Build.0 = Release|Any CPU
		{AE415104-EFC8-48EE-9C15-0826B8E96EBA}.Release|x86.ActiveCfg = Release|Any CPU
		{AE415104-EFC8-48EE-9C15-0826B8E96EBA}.Release|x86.Build.0 = Release|Any CPU
		{43E8FCDA-3C1B-4F1E-A835-A860758EBDED}.Debug|Any CPU.ActiveCfg = Debug|Any CPU
		{43E8FCDA-3C1B-4F1E-A835-A860758EBDED}.Debug|Any CPU.Build.0 = Debug|Any CPU
		{43E8FCDA-3C1B-4F1E-A835-A860758EBDED}.Debug|x64.ActiveCfg = Debug|Any CPU
		{43E8FCDA-3C1B-4F1E-A835-A860758EBDED}.Debug|x64.Build.0 = Debug|Any CPU
		{43E8FCDA-3C1B-4F1E-A835-A860758EBDED}.Debug|x86.ActiveCfg = Debug|Any CPU
		{43E8FCDA-3C1B-4F1E-A835-A860758EBDED}.Debug|x86.Build.0 = Debug|Any CPU
		{43E8FCDA-3C1B-4F1E-A835-A860758EBDED}.Release|Any CPU.ActiveCfg = Release|Any CPU
		{43E8FCDA-3C1B-4F1E-A835-A860758EBDED}.Release|Any CPU.Build.0 = Release|Any CPU
		{43E8FCDA-3C1B-4F1E-A835-A860758EBDED}.Release|x64.ActiveCfg = Release|Any CPU
		{43E8FCDA-3C1B-4F1E-A835-A860758EBDED}.Release|x64.Build.0 = Release|Any CPU
		{43E8FCDA-3C1B-4F1E-A835-A860758EBDED}.Release|x86.ActiveCfg = Release|Any CPU
		{43E8FCDA-3C1B-4F1E-A835-A860758EBDED}.Release|x86.Build.0 = Release|Any CPU
		{C49864FD-29D6-4F9D-BE5F-2CBF62BD8EFC}.Debug|Any CPU.ActiveCfg = Debug|Any CPU
		{C49864FD-29D6-4F9D-BE5F-2CBF62BD8EFC}.Debug|Any CPU.Build.0 = Debug|Any CPU
		{C49864FD-29D6-4F9D-BE5F-2CBF62BD8EFC}.Debug|x64.ActiveCfg = Debug|Any CPU
		{C49864FD-29D6-4F9D-BE5F-2CBF62BD8EFC}.Debug|x64.Build.0 = Debug|Any CPU
		{C49864FD-29D6-4F9D-BE5F-2CBF62BD8EFC}.Debug|x86.ActiveCfg = Debug|Any CPU
		{C49864FD-29D6-4F9D-BE5F-2CBF62BD8EFC}.Debug|x86.Build.0 = Debug|Any CPU
		{C49864FD-29D6-4F9D-BE5F-2CBF62BD8EFC}.Release|Any CPU.ActiveCfg = Release|Any CPU
		{C49864FD-29D6-4F9D-BE5F-2CBF62BD8EFC}.Release|Any CPU.Build.0 = Release|Any CPU
		{C49864FD-29D6-4F9D-BE5F-2CBF62BD8EFC}.Release|x64.ActiveCfg = Release|Any CPU
		{C49864FD-29D6-4F9D-BE5F-2CBF62BD8EFC}.Release|x64.Build.0 = Release|Any CPU
		{C49864FD-29D6-4F9D-BE5F-2CBF62BD8EFC}.Release|x86.ActiveCfg = Release|Any CPU
		{C49864FD-29D6-4F9D-BE5F-2CBF62BD8EFC}.Release|x86.Build.0 = Release|Any CPU
		{ED984D21-946B-437C-904E-2B1D38F44C9C}.Debug|Any CPU.ActiveCfg = Debug|Any CPU
		{ED984D21-946B-437C-904E-2B1D38F44C9C}.Debug|Any CPU.Build.0 = Debug|Any CPU
		{ED984D21-946B-437C-904E-2B1D38F44C9C}.Debug|x64.ActiveCfg = Debug|Any CPU
		{ED984D21-946B-437C-904E-2B1D38F44C9C}.Debug|x64.Build.0 = Debug|Any CPU
		{ED984D21-946B-437C-904E-2B1D38F44C9C}.Debug|x86.ActiveCfg = Debug|Any CPU
		{ED984D21-946B-437C-904E-2B1D38F44C9C}.Debug|x86.Build.0 = Debug|Any CPU
		{ED984D21-946B-437C-904E-2B1D38F44C9C}.Release|Any CPU.ActiveCfg = Release|Any CPU
		{ED984D21-946B-437C-904E-2B1D38F44C9C}.Release|Any CPU.Build.0 = Release|Any CPU
		{ED984D21-946B-437C-904E-2B1D38F44C9C}.Release|x64.ActiveCfg = Release|Any CPU
		{ED984D21-946B-437C-904E-2B1D38F44C9C}.Release|x64.Build.0 = Release|Any CPU
		{ED984D21-946B-437C-904E-2B1D38F44C9C}.Release|x86.ActiveCfg = Release|Any CPU
		{ED984D21-946B-437C-904E-2B1D38F44C9C}.Release|x86.Build.0 = Release|Any CPU
	EndGlobalSection
	GlobalSection(SolutionProperties) = preSolution
		HideSolutionNode = FALSE
	EndGlobalSection
	GlobalSection(ExtensibilityGlobals) = postSolution
		SolutionGuid = {1BA005D6-FFFE-4FFD-8F68-9A2D00AD6C27}
	EndGlobalSection
EndGlobal
